
Microsoft Visual Studio Solution File, Format Version 12.00
# Visual Studio Version 16
VisualStudioVersion = 16.0.31729.503
MinimumVisualStudioVersion = 10.0.40219.1
Project("{FAE04EC0-301F-11D3-BF4B-00C04F79EFBC}") = "PickUpRecipe.Android", "PickUpRecipe\PickUpRecipe.Android\PickUpRecipe.Android.csproj", "{61BDC86F-365D-4B53-9CBD-C5B4CFCE287A}"
EndProject
Project("{FAE04EC0-301F-11D3-BF4B-00C04F79EFBC}") = "PickUpRecipe", "PickUpRecipe\PickUpRecipe\PickUpRecipe.csproj", "{667D5B20-B645-481D-AB67-0539EC16F5B5}"
EndProject
Global
	GlobalSection(SolutionConfigurationPlatforms) = preSolution
		Debug|Any CPU = Debug|Any CPU
		Release|Any CPU = Release|Any CPU
	EndGlobalSection
	GlobalSection(ProjectConfigurationPlatforms) = postSolution
		{61BDC86F-365D-4B53-9CBD-C5B4CFCE287A}.Debug|Any CPU.ActiveCfg = Debug|Any CPU
		{61BDC86F-365D-4B53-9CBD-C5B4CFCE287A}.Debug|Any CPU.Build.0 = Debug|Any CPU
		{61BDC86F-365D-4B53-9CBD-C5B4CFCE287A}.Debug|Any CPU.Deploy.0 = Debug|Any CPU
		{61BDC86F-365D-4B53-9CBD-C5B4CFCE287A}.Release|Any CPU.ActiveCfg = Release|Any CPU
		{61BDC86F-365D-4B53-9CBD-C5B4CFCE287A}.Release|Any CPU.Build.0 = Release|Any CPU
		{61BDC86F-365D-4B53-9CBD-C5B4CFCE287A}.Release|Any CPU.Deploy.0 = Release|Any CPU
		{667D5B20-B645-481D-AB67-0539EC16F5B5}.Debug|Any CPU.ActiveCfg = Debug|Any CPU
		{667D5B20-B645-481D-AB67-0539EC16F5B5}.Debug|Any CPU.Build.0 = Debug|Any CPU
		{667D5B20-B645-481D-AB67-0539EC16F5B5}.Debug|Any CPU.Deploy.0 = Debug|Any CPU
		{667D5B20-B645-481D-AB67-0539EC16F5B5}.Release|Any CPU.ActiveCfg = Release|Any CPU
		{667D5B20-B645-481D-AB67-0539EC16F5B5}.Release|Any CPU.Build.0 = Release|Any CPU
		{667D5B20-B645-481D-AB67-0539EC16F5B5}.Release|Any CPU.Deploy.0 = Release|Any CPU
	EndGlobalSection
	GlobalSection(SolutionProperties) = preSolution
		HideSolutionNode = FALSE
	EndGlobalSection
	GlobalSection(ExtensibilityGlobals) = postSolution
		SolutionGuid = {30A6010B-F1BE-4E7D-A1C8-8FA76E272BC0}
	EndGlobalSection
EndGlobal
